
Microsoft Visual Studio Solution File, Format Version 12.00
# Visual Studio Version 17
VisualStudioVersion = 17.4.33213.308
MinimumVisualStudioVersion = 10.0.40219.1
Project("{FAE04EC0-301F-11D3-BF4B-00C04F79EFBC}") = "RozsirenaKalkulacka", "RozsirenaKalkulacka\RozsirenaKalkulacka.csproj", "{A7F7F227-0572-414A-873E-181FC5CA1270}"
EndProject
Global
	GlobalSection(SolutionConfigurationPlatforms) = preSolution
		Debug|Any CPU = Debug|Any CPU
		Release|Any CPU = Release|Any CPU
	EndGlobalSection
	GlobalSection(ProjectConfigurationPlatforms) = postSolution
		{A7F7F227-0572-414A-873E-181FC5CA1270}.Debug|Any CPU.ActiveCfg = Debug|Any CPU
		{A7F7F227-0572-414A-873E-181FC5CA1270}.Debug|Any CPU.Build.0 = Debug|Any CPU
		{A7F7F227-0572-414A-873E-181FC5CA1270}.Release|Any CPU.ActiveCfg = Release|Any CPU
		{A7F7F227-0572-414A-873E-181FC5CA1270}.Release|Any CPU.Build.0 = Release|Any CPU
	EndGlobalSection
	GlobalSection(SolutionProperties) = preSolution
		HideSolutionNode = FALSE
	EndGlobalSection
	GlobalSection(ExtensibilityGlobals) = postSolution
		SolutionGuid = {70395B6D-D87F-4114-A4FD-9A6E4BE5C5C0}
	EndGlobalSection
EndGlobal
